
Microsoft Visual Studio Solution File, Format Version 12.00
# Visual Studio 2013
VisualStudioVersion = 12.0.21005.1
MinimumVisualStudioVersion = 10.0.40219.1
Project("{FAE04EC0-301F-11D3-BF4B-00C04F79EFBC}") = "lilac-winform", "lilac-winform\lilac-winform.csproj", "{522A85B0-4E10-41D9-BEE3-3A875C1B2EC1}"
EndProject
Project("{FAE04EC0-301F-11D3-BF4B-00C04F79EFBC}") = "lilac-test", "lilac-test\lilac-test.csproj", "{4104ED0F-3230-43A2-9A83-B942DDDC2F1B}"
EndProject
Global
	GlobalSection(SolutionConfigurationPlatforms) = preSolution
		Debug|Any CPU = Debug|Any CPU
		Release|Any CPU = Release|Any CPU
	EndGlobalSection
	GlobalSection(ProjectConfigurationPlatforms) = postSolution
		{522A85B0-4E10-41D9-BEE3-3A875C1B2EC1}.Debug|Any CPU.ActiveCfg = Debug|Any CPU
		{522A85B0-4E10-41D9-BEE3-3A875C1B2EC1}.Debug|Any CPU.Build.0 = Debug|Any CPU
		{522A85B0-4E10-41D9-BEE3-3A875C1B2EC1}.Release|Any CPU.ActiveCfg = Release|Any CPU
		{522A85B0-4E10-41D9-BEE3-3A875C1B2EC1}.Release|Any CPU.Build.0 = Release|Any CPU
		{4104ED0F-3230-43A2-9A83-B942DDDC2F1B}.Debug|Any CPU.ActiveCfg = Debug|Any CPU
		{4104ED0F-3230-43A2-9A83-B942DDDC2F1B}.Debug|Any CPU.Build.0 = Debug|Any CPU
		{4104ED0F-3230-43A2-9A83-B942DDDC2F1B}.Release|Any CPU.ActiveCfg = Release|Any CPU
		{4104ED0F-3230-43A2-9A83-B942DDDC2F1B}.Release|Any CPU.Build.0 = Release|Any CPU
	EndGlobalSection
	GlobalSection(SolutionProperties) = preSolution
		HideSolutionNode = FALSE
	EndGlobalSection
EndGlobal
